
Microsoft Visual Studio Solution File, Format Version 12.00
# Visual Studio Version 17
VisualStudioVersion = 17.9.34728.123
MinimumVisualStudioVersion = 10.0.40219.1
Project("{A07B5EB6-E848-4116-A8D0-A826331D98C6}") = "ElectricityExchange", "ElectricityExchange\ElectricityExchange.sfproj", "{5CECE1F9-9642-4909-867B-9EC2030AC5C3}"
EndProject
Project("{FAE04EC0-301F-11D3-BF4B-00C04F79EFBC}") = "ElectricityExchangePrediction", "ElectricityExchangePrediction\ElectricityExchangePrediction.csproj", "{F8BE10F0-5204-49EA-A027-0CC624869634}"
EndProject
Global
	GlobalSection(SolutionConfigurationPlatforms) = preSolution
		Debug|Any CPU = Debug|Any CPU
		Debug|x64 = Debug|x64
		Release|Any CPU = Release|Any CPU
		Release|x64 = Release|x64
	EndGlobalSection
	GlobalSection(ProjectConfigurationPlatforms) = postSolution
		{5CECE1F9-9642-4909-867B-9EC2030AC5C3}.Debug|Any CPU.ActiveCfg = Debug|x64
		{5CECE1F9-9642-4909-867B-9EC2030AC5C3}.Debug|Any CPU.Build.0 = Debug|x64
		{5CECE1F9-9642-4909-867B-9EC2030AC5C3}.Debug|Any CPU.Deploy.0 = Debug|x64
		{5CECE1F9-9642-4909-867B-9EC2030AC5C3}.Debug|x64.ActiveCfg = Debug|x64
		{5CECE1F9-9642-4909-867B-9EC2030AC5C3}.Debug|x64.Build.0 = Debug|x64
		{5CECE1F9-9642-4909-867B-9EC2030AC5C3}.Debug|x64.Deploy.0 = Debug|x64
		{5CECE1F9-9642-4909-867B-9EC2030AC5C3}.Release|Any CPU.ActiveCfg = Release|x64
		{5CECE1F9-9642-4909-867B-9EC2030AC5C3}.Release|Any CPU.Build.0 = Release|x64
		{5CECE1F9-9642-4909-867B-9EC2030AC5C3}.Release|Any CPU.Deploy.0 = Release|x64
		{5CECE1F9-9642-4909-867B-9EC2030AC5C3}.Release|x64.ActiveCfg = Release|x64
		{5CECE1F9-9642-4909-867B-9EC2030AC5C3}.Release|x64.Build.0 = Release|x64
		{5CECE1F9-9642-4909-867B-9EC2030AC5C3}.Release|x64.Deploy.0 = Release|x64
		{F8BE10F0-5204-49EA-A027-0CC624869634}.Debug|Any CPU.ActiveCfg = Debug|Any CPU
		{F8BE10F0-5204-49EA-A027-0CC624869634}.Debug|Any CPU.Build.0 = Debug|Any CPU
		{F8BE10F0-5204-49EA-A027-0CC624869634}.Debug|x64.ActiveCfg = Debug|Any CPU
		{F8BE10F0-5204-49EA-A027-0CC624869634}.Debug|x64.Build.0 = Debug|Any CPU
		{F8BE10F0-5204-49EA-A027-0CC624869634}.Release|Any CPU.ActiveCfg = Release|Any CPU
		{F8BE10F0-5204-49EA-A027-0CC624869634}.Release|Any CPU.Build.0 = Release|Any CPU
		{F8BE10F0-5204-49EA-A027-0CC624869634}.Release|x64.ActiveCfg = Release|Any CPU
		{F8BE10F0-5204-49EA-A027-0CC624869634}.Release|x64.Build.0 = Release|Any CPU
	EndGlobalSection
	GlobalSection(SolutionProperties) = preSolution
		HideSolutionNode = FALSE
	EndGlobalSection
	GlobalSection(ExtensibilityGlobals) = postSolution
		SolutionGuid = {D81E2F52-0469-425B-B77D-3666DAA686F5}
	EndGlobalSection
EndGlobal
